<?xml version="1.0" encoding="utf-8"?>
<Project ToolsVersion="4.0" xmlns="http://schemas.microsoft.com/developer/msbuild/2003">
  <ItemGroup>
    <Filter Include="DataStructures">
      <UniqueIdentifier>{9271e0c7-5d7c-4521-803c-e5c8d13e4c1d}</UniqueIdentifier>
    </Filter>
    <Filter Include="Testing">
      <UniqueIdentifier>{f2545557-a652-4fcc-b962-8e23074d1744}</UniqueIdentifier>
    </Filter>
  </ItemGroup>
  <ItemGroup>
    <ClInclude Include="DataStructures\BinaryTree.hpp">
      <Filter>DataStructures</Filter>
    </ClInclude>
    <ClInclude Include="DataStructures\LinkedList.hpp">
      <Filter>DataStructures</Filter>
    </ClInclude>
    <ClInclude Include="DataStructures\Stack.hpp">
      <Filter>DataStructures</Filter>
    </ClInclude>
    <ClInclude Include="Testing\NoisyObject.hpp">
      <Filter>Testing</Filter>
    </ClInclude>
  </ItemGroup>
  <ItemGroup>
    <ClCompile Include="DataStructures\BinaryTreeTester.cpp">
      <Filter>DataStructures</Filter>
    </ClCompile>
    <ClCompile Include="Testing\TestRunner.h">
      <Filter>Testing</Filter>
    </ClCompile>
    <ClCompile Include="Testing\TestRunner.cpp">
      <Filter>Testing</Filter>
    </ClCompile>
  </ItemGroup>
</Project>